
Microsoft Visual Studio Solution File, Format Version 12.00
# Visual Studio Version 17
VisualStudioVersion = 17.2.32519.379
MinimumVisualStudioVersion = 10.0.40219.1
Project("{9A19103F-16F7-4668-BE54-9A1E7A4F7556}") = "StreamUtilities", "StreamUtilities\StreamUtilities.csproj", "{A22D6306-D0E2-4D89-A6A0-1B3072D6957B}"
EndProject
Project("{9A19103F-16F7-4668-BE54-9A1E7A4F7556}") = "TwitchLib.Api", "..\..\TwitchLib-rewrite-2022\TwitchLib-rewrite-2022\src\TwitchLib.Api\TwitchLib.Api.csproj", "{450FBF54-D881-41A2-ABCD-1901E85121CD}"
EndProject
Project("{9A19103F-16F7-4668-BE54-9A1E7A4F7556}") = "TwitchLib.Client", "..\..\TwitchLib-rewrite-2022\TwitchLib-rewrite-2022\src\TwitchLib.Client\TwitchLib.Client.csproj", "{ECBD2FE5-D916-4515-B037-8836CF1FB881}"
EndProject
Global
	GlobalSection(SolutionConfigurationPlatforms) = preSolution
		Debug|Any CPU = Debug|Any CPU
		Release|Any CPU = Release|Any CPU
	EndGlobalSection
	GlobalSection(ProjectConfigurationPlatforms) = postSolution
		{A22D6306-D0E2-4D89-A6A0-1B3072D6957B}.Debug|Any CPU.ActiveCfg = Debug|Any CPU
		{A22D6306-D0E2-4D89-A6A0-1B3072D6957B}.Debug|Any CPU.Build.0 = Debug|Any CPU
		{A22D6306-D0E2-4D89-A6A0-1B3072D6957B}.Release|Any CPU.ActiveCfg = Release|Any CPU
		{A22D6306-D0E2-4D89-A6A0-1B3072D6957B}.Release|Any CPU.Build.0 = Release|Any CPU
		{450FBF54-D881-41A2-ABCD-1901E85121CD}.Debug|Any CPU.ActiveCfg = Debug|Any CPU
		{450FBF54-D881-41A2-ABCD-1901E85121CD}.Debug|Any CPU.Build.0 = Debug|Any CPU
		{450FBF54-D881-41A2-ABCD-1901E85121CD}.Release|Any CPU.ActiveCfg = Release|Any CPU
		{450FBF54-D881-41A2-ABCD-1901E85121CD}.Release|Any CPU.Build.0 = Release|Any CPU
		{ECBD2FE5-D916-4515-B037-8836CF1FB881}.Debug|Any CPU.ActiveCfg = Debug|Any CPU
		{ECBD2FE5-D916-4515-B037-8836CF1FB881}.Debug|Any CPU.Build.0 = Debug|Any CPU
		{ECBD2FE5-D916-4515-B037-8836CF1FB881}.Release|Any CPU.ActiveCfg = Release|Any CPU
		{ECBD2FE5-D916-4515-B037-8836CF1FB881}.Release|Any CPU.Build.0 = Release|Any CPU
	EndGlobalSection
	GlobalSection(SolutionProperties) = preSolution
		HideSolutionNode = FALSE
	EndGlobalSection
	GlobalSection(ExtensibilityGlobals) = postSolution
		SolutionGuid = {26F193E7-DF50-4CCB-BE15-81BA6E84064F}
	EndGlobalSection
EndGlobal
